// !$*UTF8*$!
{
	archiveVersion = 1;
	classes = {
	};
	objectVersion = 52;
	objects = {

/* Begin PBXBuildFile section */
		83104A2423C319AB00D02EB2 /* SyncHelpers.swift in Sources */ = {isa = PBXBuildFile; fileRef = 83104A2323C319AB00D02EB2 /* SyncHelpers.swift */; };
		83104A2623C3222500D02EB2 /* RecursiveFolderSyncOperation.swift in Sources */ = {isa = PBXBuildFile; fileRef = 83104A2523C3222500D02EB2 /* RecursiveFolderSyncOperation.swift */; };
		83186B9223E82BC40011A09C /* ListFileNames.swift in Sources */ = {isa = PBXBuildFile; fileRef = 83186B9123E82BC40011A09C /* ListFileNames.swift */; };
		831D439F23E6D30100433118 /* GetFileInfo.swift in Sources */ = {isa = PBXBuildFile; fileRef = 831D439E23E6D30100433118 /* GetFileInfo.swift */; };
		83672EEE233787DA00CAF32A /* GetUploadUrl.swift in Sources */ = {isa = PBXBuildFile; fileRef = 83672EED233787DA00CAF32A /* GetUploadUrl.swift */; };
		836B352F2330B1EC00E4B0C2 /* HideFile.swift in Sources */ = {isa = PBXBuildFile; fileRef = 836B352E2330B1EC00E4B0C2 /* HideFile.swift */; };
		8377EE7E23E1055F00FEAAFD /* UploaderWithFolderModifications.swift in Sources */ = {isa = PBXBuildFile; fileRef = 8377EE7D23E1055F00FEAAFD /* UploaderWithFolderModifications.swift */; };
		8379F30F234606ED004717F3 /* FolderSyncOperation.swift in Sources */ = {isa = PBXBuildFile; fileRef = 8379F30E234606ED004717F3 /* FolderSyncOperation.swift */; };
		8379F31123460905004717F3 /* BzAuthorizeOperation.swift in Sources */ = {isa = PBXBuildFile; fileRef = 8379F31023460905004717F3 /* BzAuthorizeOperation.swift */; };
		8379F31323460994004717F3 /* SyncContext.swift in Sources */ = {isa = PBXBuildFile; fileRef = 8379F31223460994004717F3 /* SyncContext.swift */; };
		8379F3152346148B004717F3 /* ListAllFileVersions.swift in Sources */ = {isa = PBXBuildFile; fileRef = 8379F3142346148B004717F3 /* ListAllFileVersions.swift */; };
		838810E1233CB65700C90D11 /* CLibUV in Frameworks */ = {isa = PBXBuildFile; productRef = 838810E0233CB65700C90D11 /* CLibUV */; };
		838810E4233EDD1D00C90D11 /* Watcher.swift in Sources */ = {isa = PBXBuildFile; fileRef = 838810E3233EDD1D00C90D11 /* Watcher.swift */; };
		839295AB233EEEF900C9A295 /* FileEvent.swift in Sources */ = {isa = PBXBuildFile; fileRef = 839295A7233EEEF900C9A295 /* FileEvent.swift */; };
		839295AC233EEEF900C9A295 /* EventStream.swift in Sources */ = {isa = PBXBuildFile; fileRef = 839295A8233EEEF900C9A295 /* EventStream.swift */; };
		839295AD233EEEF900C9A295 /* Witness.swift in Sources */ = {isa = PBXBuildFile; fileRef = 839295A9233EEEF900C9A295 /* Witness.swift */; };
		839FBDC023277D6E0068E1F1 /* ListFileVersions.swift in Sources */ = {isa = PBXBuildFile; fileRef = 839FBDBF23277D6E0068E1F1 /* ListFileVersions.swift */; };
		83B4B1FE240E631A004E6F4A /* ListAllLatestFileVersions.swift in Sources */ = {isa = PBXBuildFile; fileRef = 83B4B1FD240E631A004E6F4A /* ListAllLatestFileVersions.swift */; };
		83B4B2002412136C004E6F4A /* RemoteSyncListing.swift in Sources */ = {isa = PBXBuildFile; fileRef = 83B4B1FF2412136C004E6F4A /* RemoteSyncListing.swift */; };
		83B4B20224125B42004E6F4A /* LocalSyncListing.swift in Sources */ = {isa = PBXBuildFile; fileRef = 83B4B20124125B42004E6F4A /* LocalSyncListing.swift */; };
		83B4B20424126840004E6F4A /* ListingReconciliation.swift in Sources */ = {isa = PBXBuildFile; fileRef = 83B4B20324126840004E6F4A /* ListingReconciliation.swift */; };
		83BFA0CD2338EEB900DF488C /* UploadFileWrapped.swift in Sources */ = {isa = PBXBuildFile; fileRef = 83BFA0CC2338EEB900DF488C /* UploadFileWrapped.swift */; };
		83BFA0D12338F1FA00DF488C /* Uploader.swift in Sources */ = {isa = PBXBuildFile; fileRef = 83BFA0D02338F1FA00DF488C /* Uploader.swift */; };
		83BFA0E4233B373B00DF488C /* SyncConfig.swift in Sources */ = {isa = PBXBuildFile; fileRef = 83BFA0E3233B373B00DF488C /* SyncConfig.swift */; };
		83E1B8A2231F5D4300C1150D /* Service.swift in Sources */ = {isa = PBXBuildFile; fileRef = 83E1B8A1231F5D4300C1150D /* Service.swift */; };
		83E1B8A4231F5DC100C1150D /* Helpers.swift in Sources */ = {isa = PBXBuildFile; fileRef = 83E1B8A3231F5DC100C1150D /* Helpers.swift */; };
		83E2D26423378F86005E8632 /* UploadFile.swift in Sources */ = {isa = PBXBuildFile; fileRef = 83E2D26323378F86005E8632 /* UploadFile.swift */; };
		83E9EA2B231F5A4700AA965E /* AuthorizeAccount.swift in Sources */ = {isa = PBXBuildFile; fileRef = 83E9EA2A231F5A4700AA965E /* AuthorizeAccount.swift */; };
		83F27B54231CDA5F006ADDC9 /* main.swift in Sources */ = {isa = PBXBuildFile; fileRef = 83F27B53231CDA5F006ADDC9 /* main.swift */; };
/* End PBXBuildFile section */

/* Begin PBXCopyFilesBuildPhase section */
		83F27B4E231CDA5F006ADDC9 /* CopyFiles */ = {
			isa = PBXCopyFilesBuildPhase;
			buildActionMask = 2147483647;
			dstPath = /usr/share/man/man1/;
			dstSubfolderSpec = 0;
			files = (
			);
			runOnlyForDeploymentPostprocessing = 1;
		};
/* End PBXCopyFilesBuildPhase section */

/* Begin PBXFileReference section */
		83104A2323C319AB00D02EB2 /* SyncHelpers.swift */ = {isa = PBXFileReference; lastKnownFileType = sourcecode.swift; path = SyncHelpers.swift; sourceTree = "<group>"; };
		83104A2523C3222500D02EB2 /* RecursiveFolderSyncOperation.swift */ = {isa = PBXFileReference; lastKnownFileType = sourcecode.swift; path = RecursiveFolderSyncOperation.swift; sourceTree = "<group>"; };
		83186B9123E82BC40011A09C /* ListFileNames.swift */ = {isa = PBXFileReference; lastKnownFileType = sourcecode.swift; path = ListFileNames.swift; sourceTree = "<group>"; };
		831D439E23E6D30100433118 /* GetFileInfo.swift */ = {isa = PBXFileReference; lastKnownFileType = sourcecode.swift; path = GetFileInfo.swift; sourceTree = "<group>"; };
		83672EED233787DA00CAF32A /* GetUploadUrl.swift */ = {isa = PBXFileReference; lastKnownFileType = sourcecode.swift; path = GetUploadUrl.swift; sourceTree = "<group>"; };
		836B352E2330B1EC00E4B0C2 /* HideFile.swift */ = {isa = PBXFileReference; lastKnownFileType = sourcecode.swift; path = HideFile.swift; sourceTree = "<group>"; };
		8377EE7D23E1055F00FEAAFD /* UploaderWithFolderModifications.swift */ = {isa = PBXFileReference; lastKnownFileType = sourcecode.swift; path = UploaderWithFolderModifications.swift; sourceTree = "<group>"; };
		8379F30E234606ED004717F3 /* FolderSyncOperation.swift */ = {isa = PBXFileReference; lastKnownFileType = sourcecode.swift; path = FolderSyncOperation.swift; sourceTree = "<group>"; };
		8379F31023460905004717F3 /* BzAuthorizeOperation.swift */ = {isa = PBXFileReference; lastKnownFileType = sourcecode.swift; path = BzAuthorizeOperation.swift; sourceTree = "<group>"; };
		8379F31223460994004717F3 /* SyncContext.swift */ = {isa = PBXFileReference; lastKnownFileType = sourcecode.swift; path = SyncContext.swift; sourceTree = "<group>"; };
		8379F3142346148B004717F3 /* ListAllFileVersions.swift */ = {isa = PBXFileReference; lastKnownFileType = sourcecode.swift; path = ListAllFileVersions.swift; sourceTree = "<group>"; };
		838810E3233EDD1D00C90D11 /* Watcher.swift */ = {isa = PBXFileReference; lastKnownFileType = sourcecode.swift; path = Watcher.swift; sourceTree = "<group>"; };
		839295A7233EEEF900C9A295 /* FileEvent.swift */ = {isa = PBXFileReference; fileEncoding = 4; lastKnownFileType = sourcecode.swift; path = FileEvent.swift; sourceTree = "<group>"; };
		839295A8233EEEF900C9A295 /* EventStream.swift */ = {isa = PBXFileReference; fileEncoding = 4; lastKnownFileType = sourcecode.swift; path = EventStream.swift; sourceTree = "<group>"; };
		839295A9233EEEF900C9A295 /* Witness.swift */ = {isa = PBXFileReference; fileEncoding = 4; lastKnownFileType = sourcecode.swift; path = Witness.swift; sourceTree = "<group>"; };
		839295AA233EEEF900C9A295 /* Witness LICENSE */ = {isa = PBXFileReference; fileEncoding = 4; lastKnownFileType = text; path = "Witness LICENSE"; sourceTree = "<group>"; };
		839FBDBF23277D6E0068E1F1 /* ListFileVersions.swift */ = {isa = PBXFileReference; lastKnownFileType = sourcecode.swift; path = ListFileVersions.swift; sourceTree = "<group>"; };
		83B4B1FD240E631A004E6F4A /* ListAllLatestFileVersions.swift */ = {isa = PBXFileReference; lastKnownFileType = sourcecode.swift; path = ListAllLatestFileVersions.swift; sourceTree = "<group>"; };
		83B4B1FF2412136C004E6F4A /* RemoteSyncListing.swift */ = {isa = PBXFileReference; lastKnownFileType = sourcecode.swift; path = RemoteSyncListing.swift; sourceTree = "<group>"; };
		83B4B20124125B42004E6F4A /* LocalSyncListing.swift */ = {isa = PBXFileReference; lastKnownFileType = sourcecode.swift; path = LocalSyncListing.swift; sourceTree = "<group>"; };
		83B4B20324126840004E6F4A /* ListingReconciliation.swift */ = {isa = PBXFileReference; lastKnownFileType = sourcecode.swift; path = ListingReconciliation.swift; sourceTree = "<group>"; };
		83BFA0CC2338EEB900DF488C /* UploadFileWrapped.swift */ = {isa = PBXFileReference; lastKnownFileType = sourcecode.swift; path = UploadFileWrapped.swift; sourceTree = "<group>"; };
		83BFA0D02338F1FA00DF488C /* Uploader.swift */ = {isa = PBXFileReference; lastKnownFileType = sourcecode.swift; path = Uploader.swift; sourceTree = "<group>"; };
		83BFA0E3233B373B00DF488C /* SyncConfig.swift */ = {isa = PBXFileReference; lastKnownFileType = sourcecode.swift; path = SyncConfig.swift; sourceTree = "<group>"; };
		83E1B8A1231F5D4300C1150D /* Service.swift */ = {isa = PBXFileReference; lastKnownFileType = sourcecode.swift; path = Service.swift; sourceTree = "<group>"; };
		83E1B8A3231F5DC100C1150D /* Helpers.swift */ = {isa = PBXFileReference; lastKnownFileType = sourcecode.swift; path = Helpers.swift; sourceTree = "<group>"; };
		83E2D26323378F86005E8632 /* UploadFile.swift */ = {isa = PBXFileReference; lastKnownFileType = sourcecode.swift; path = UploadFile.swift; sourceTree = "<group>"; };
		83E9EA2A231F5A4700AA965E /* AuthorizeAccount.swift */ = {isa = PBXFileReference; lastKnownFileType = sourcecode.swift; path = AuthorizeAccount.swift; sourceTree = "<group>"; };
		83F27B50231CDA5F006ADDC9 /* Flare */ = {isa = PBXFileReference; explicitFileType = "compiled.mach-o.executable"; includeInIndex = 0; path = Flare; sourceTree = BUILT_PRODUCTS_DIR; };
		83F27B53231CDA5F006ADDC9 /* main.swift */ = {isa = PBXFileReference; lastKnownFileType = sourcecode.swift; path = main.swift; sourceTree = "<group>"; };
/* End PBXFileReference section */

/* Begin PBXFrameworksBuildPhase section */
		83F27B4D231CDA5F006ADDC9 /* Frameworks */ = {
			isa = PBXFrameworksBuildPhase;
			buildActionMask = 2147483647;
			files = (
				838810E1233CB65700C90D11 /* CLibUV in Frameworks */,
			);
			runOnlyForDeploymentPostprocessing = 0;
		};
/* End PBXFrameworksBuildPhase section */

/* Begin PBXGroup section */
		838810DF233CB65700C90D11 /* Frameworks */ = {
			isa = PBXGroup;
			children = (
			);
			name = Frameworks;
			sourceTree = "<group>";
		};
		838810E2233EDCBD00C90D11 /* Watcher */ = {
			isa = PBXGroup;
			children = (
				838810E3233EDD1D00C90D11 /* Watcher.swift */,
			);
			path = Watcher;
			sourceTree = "<group>";
		};
		839295A6233EEEF900C9A295 /* Witness */ = {
			isa = PBXGroup;
			children = (
				839295A7233EEEF900C9A295 /* FileEvent.swift */,
				839295A8233EEEF900C9A295 /* EventStream.swift */,
				839295A9233EEEF900C9A295 /* Witness.swift */,
				839295AA233EEEF900C9A295 /* Witness LICENSE */,
			);
			path = Witness;
			sourceTree = "<group>";
		};
		83D74CDF2340B3990053EC72 /* Sync */ = {
			isa = PBXGroup;
			children = (
				8379F31023460905004717F3 /* BzAuthorizeOperation.swift */,
				8379F30E234606ED004717F3 /* FolderSyncOperation.swift */,
				8379F31223460994004717F3 /* SyncContext.swift */,
				83104A2323C319AB00D02EB2 /* SyncHelpers.swift */,
				83104A2523C3222500D02EB2 /* RecursiveFolderSyncOperation.swift */,
				83B4B1FF2412136C004E6F4A /* RemoteSyncListing.swift */,
				83B4B20124125B42004E6F4A /* LocalSyncListing.swift */,
				83B4B20324126840004E6F4A /* ListingReconciliation.swift */,
			);
			path = Sync;
			sourceTree = "<group>";
		};
		83E9EA29231F59B400AA965E /* BackblazeB2 */ = {
			isa = PBXGroup;
			children = (
				83E9EA2A231F5A4700AA965E /* AuthorizeAccount.swift */,
				83E1B8A1231F5D4300C1150D /* Service.swift */,
				83E1B8A3231F5DC100C1150D /* Helpers.swift */,
				839FBDBF23277D6E0068E1F1 /* ListFileVersions.swift */,
				8379F3142346148B004717F3 /* ListAllFileVersions.swift */,
				83B4B1FD240E631A004E6F4A /* ListAllLatestFileVersions.swift */,
				836B352E2330B1EC00E4B0C2 /* HideFile.swift */,
				83672EED233787DA00CAF32A /* GetUploadUrl.swift */,
				83E2D26323378F86005E8632 /* UploadFile.swift */,
				83BFA0CC2338EEB900DF488C /* UploadFileWrapped.swift */,
				83BFA0D02338F1FA00DF488C /* Uploader.swift */,
				8377EE7D23E1055F00FEAAFD /* UploaderWithFolderModifications.swift */,
				831D439E23E6D30100433118 /* GetFileInfo.swift */,
				83186B9123E82BC40011A09C /* ListFileNames.swift */,
			);
			path = BackblazeB2;
			sourceTree = "<group>";
		};
		83F27B47231CDA5F006ADDC9 = {
			isa = PBXGroup;
			children = (
				83F27B52231CDA5F006ADDC9 /* Flare */,
				83F27B51231CDA5F006ADDC9 /* Products */,
				838810DF233CB65700C90D11 /* Frameworks */,
			);
			sourceTree = "<group>";
		};
		83F27B51231CDA5F006ADDC9 /* Products */ = {
			isa = PBXGroup;
			children = (
				83F27B50231CDA5F006ADDC9 /* Flare */,
			);
			name = Products;
			sourceTree = "<group>";
		};
		83F27B52231CDA5F006ADDC9 /* Flare */ = {
			isa = PBXGroup;
			children = (
				83D74CDF2340B3990053EC72 /* Sync */,
				839295A6233EEEF900C9A295 /* Witness */,
				838810E2233EDCBD00C90D11 /* Watcher */,
				83E9EA29231F59B400AA965E /* BackblazeB2 */,
				83F27B53231CDA5F006ADDC9 /* main.swift */,
				83BFA0E3233B373B00DF488C /* SyncConfig.swift */,
			);
			path = Flare;
			sourceTree = "<group>";
		};
/* End PBXGroup section */

/* Begin PBXNativeTarget section */
		83F27B4F231CDA5F006ADDC9 /* Flare */ = {
			isa = PBXNativeTarget;
			buildConfigurationList = 83F27B57231CDA5F006ADDC9 /* Build configuration list for PBXNativeTarget "Flare" */;
			buildPhases = (
				83F27B4C231CDA5F006ADDC9 /* Sources */,
				83F27B4D231CDA5F006ADDC9 /* Frameworks */,
				83F27B4E231CDA5F006ADDC9 /* CopyFiles */,
			);
			buildRules = (
			);
			dependencies = (
			);
			name = Flare;
			packageProductDependencies = (
				838810E0233CB65700C90D11 /* CLibUV */,
			);
			productName = Flare;
			productReference = 83F27B50231CDA5F006ADDC9 /* Flare */;
			productType = "com.apple.product-type.tool";
		};
/* End PBXNativeTarget section */

/* Begin PBXProject section */
		83F27B48231CDA5F006ADDC9 /* Project object */ = {
			isa = PBXProject;
			attributes = {
				LastSwiftUpdateCheck = 1020;
				LastUpgradeCheck = 1100;
				ORGANIZATIONNAME = Splinter;
				TargetAttributes = {
					83F27B4F231CDA5F006ADDC9 = {
						CreatedOnToolsVersion = 10.2.1;
					};
				};
			};
			buildConfigurationList = 83F27B4B231CDA5F006ADDC9 /* Build configuration list for PBXProject "Flare" */;
			compatibilityVersion = "Xcode 9.3";
			developmentRegion = en;
			hasScannedForEncodings = 0;
			knownRegions = (
				en,
				Base,
			);
			mainGroup = 83F27B47231CDA5F006ADDC9;
			packageReferences = (
				83C75B12233B91E8008A3495 /* XCRemoteSwiftPackageReference "clibuv" */,
			);
			productRefGroup = 83F27B51231CDA5F006ADDC9 /* Products */;
			projectDirPath = "";
			projectRoot = "";
			targets = (
				83F27B4F231CDA5F006ADDC9 /* Flare */,
			);
		};
/* End PBXProject section */

/* Begin PBXSourcesBuildPhase section */
		83F27B4C231CDA5F006ADDC9 /* Sources */ = {
			isa = PBXSourcesBuildPhase;
			buildActionMask = 2147483647;
			files = (
				83E2D26423378F86005E8632 /* UploadFile.swift in Sources */,
				8379F31323460994004717F3 /* SyncContext.swift in Sources */,
				831D439F23E6D30100433118 /* GetFileInfo.swift in Sources */,
				83E1B8A2231F5D4300C1150D /* Service.swift in Sources */,
				83104A2423C319AB00D02EB2 /* SyncHelpers.swift in Sources */,
				83BFA0CD2338EEB900DF488C /* UploadFileWrapped.swift in Sources */,
				83186B9223E82BC40011A09C /* ListFileNames.swift in Sources */,
				83F27B54231CDA5F006ADDC9 /* main.swift in Sources */,
				8379F3152346148B004717F3 /* ListAllFileVersions.swift in Sources */,
				839FBDC023277D6E0068E1F1 /* ListFileVersions.swift in Sources */,
				836B352F2330B1EC00E4B0C2 /* HideFile.swift in Sources */,
				83B4B20424126840004E6F4A /* ListingReconciliation.swift in Sources */,
				838810E4233EDD1D00C90D11 /* Watcher.swift in Sources */,
				8379F31123460905004717F3 /* BzAuthorizeOperation.swift in Sources */,
				83B4B20224125B42004E6F4A /* LocalSyncListing.swift in Sources */,
				8377EE7E23E1055F00FEAAFD /* UploaderWithFolderModifications.swift in Sources */,
				83B4B1FE240E631A004E6F4A /* ListAllLatestFileVersions.swift in Sources */,
				83672EEE233787DA00CAF32A /* GetUploadUrl.swift in Sources */,
				839295AC233EEEF900C9A295 /* EventStream.swift in Sources */,
				83BFA0E4233B373B00DF488C /* SyncConfig.swift in Sources */,
				839295AB233EEEF900C9A295 /* FileEvent.swift in Sources */,
				83BFA0D12338F1FA00DF488C /* Uploader.swift in Sources */,
				83E9EA2B231F5A4700AA965E /* AuthorizeAccount.swift in Sources */,
				83B4B2002412136C004E6F4A /* RemoteSyncListing.swift in Sources */,
				839295AD233EEEF900C9A295 /* Witness.swift in Sources */,
				83104A2623C3222500D02EB2 /* RecursiveFolderSyncOperation.swift in Sources */,
				8379F30F234606ED004717F3 /* FolderSyncOperation.swift in Sources */,
				83E1B8A4231F5DC100C1150D /* Helpers.swift in Sources */,
			);
			runOnlyForDeploymentPostprocessing = 0;
		};
/* End PBXSourcesBuildPhase section */

/* Begin XCBuildConfiguration section */
		83F27B55231CDA5F006ADDC9 /* Debug */ = {
			isa = XCBuildConfiguration;
			buildSettings = {
				ALWAYS_SEARCH_USER_PATHS = NO;
				CLANG_ANALYZER_NONNULL = YES;
				CLANG_ANALYZER_NUMBER_OBJECT_CONVERSION = YES_AGGRESSIVE;
				CLANG_CXX_LANGUAGE_STANDARD = "gnu++14";
				CLANG_CXX_LIBRARY = "libc++";
				CLANG_ENABLE_MODULES = YES;
				CLANG_ENABLE_OBJC_ARC = YES;
				CLANG_ENABLE_OBJC_WEAK = YES;
				CLANG_WARN_BLOCK_CAPTURE_AUTORELEASING = YES;
				CLANG_WARN_BOOL_CONVERSION = YES;
				CLANG_WARN_COMMA = YES;
				CLANG_WARN_CONSTANT_CONVERSION = YES;
				CLANG_WARN_DEPRECATED_OBJC_IMPLEMENTATIONS = YES;
				CLANG_WARN_DIRECT_OBJC_ISA_USAGE = YES_ERROR;
				CLANG_WARN_DOCUMENTATION_COMMENTS = YES;
				CLANG_WARN_EMPTY_BODY = YES;
				CLANG_WARN_ENUM_CONVERSION = YES;
				CLANG_WARN_INFINITE_RECURSION = YES;
				CLANG_WARN_INT_CONVERSION = YES;
				CLANG_WARN_NON_LITERAL_NULL_CONVERSION = YES;
				CLANG_WARN_OBJC_IMPLICIT_RETAIN_SELF = YES;
				CLANG_WARN_OBJC_LITERAL_CONVERSION = YES;
				CLANG_WARN_OBJC_ROOT_CLASS = YES_ERROR;
				CLANG_WARN_RANGE_LOOP_ANALYSIS = YES;
				CLANG_WARN_STRICT_PROTOTYPES = YES;
				CLANG_WARN_SUSPICIOUS_MOVE = YES;
				CLANG_WARN_UNGUARDED_AVAILABILITY = YES_AGGRESSIVE;
				CLANG_WARN_UNREACHABLE_CODE = YES;
				CLANG_WARN__DUPLICATE_METHOD_MATCH = YES;
				CODE_SIGN_IDENTITY = "-";
				COPY_PHASE_STRIP = NO;
				DEBUG_INFORMATION_FORMAT = dwarf;
				ENABLE_STRICT_OBJC_MSGSEND = YES;
				ENABLE_TESTABILITY = YES;
				GCC_C_LANGUAGE_STANDARD = gnu11;
				GCC_DYNAMIC_NO_PIC = NO;
				GCC_NO_COMMON_BLOCKS = YES;
				GCC_OPTIMIZATION_LEVEL = 0;
				GCC_PREPROCESSOR_DEFINITIONS = (
					"DEBUG=1",
					"$(inherited)",
				);
				GCC_WARN_64_TO_32_BIT_CONVERSION = YES;
				GCC_WARN_ABOUT_RETURN_TYPE = YES_ERROR;
				GCC_WARN_UNDECLARED_SELECTOR = YES;
				GCC_WARN_UNINITIALIZED_AUTOS = YES_AGGRESSIVE;
				GCC_WARN_UNUSED_FUNCTION = YES;
				GCC_WARN_UNUSED_VARIABLE = YES;
				MACOSX_DEPLOYMENT_TARGET = 10.14;
				MTL_ENABLE_DEBUG_INFO = INCLUDE_SOURCE;
				MTL_FAST_MATH = YES;
				ONLY_ACTIVE_ARCH = YES;
				SDKROOT = macosx;
				SWIFT_ACTIVE_COMPILATION_CONDITIONS = DEBUG;
				SWIFT_OPTIMIZATION_LEVEL = "-Onone";
			};
			name = Debug;
		};
		83F27B56231CDA5F006ADDC9 /* Release */ = {
			isa = XCBuildConfiguration;
			buildSettings = {
				ALWAYS_SEARCH_USER_PATHS = NO;
				CLANG_ANALYZER_NONNULL = YES;
				CLANG_ANALYZER_NUMBER_OBJECT_CONVERSION = YES_AGGRESSIVE;
				CLANG_CXX_LANGUAGE_STANDARD = "gnu++14";
				CLANG_CXX_LIBRARY = "libc++";
				CLANG_ENABLE_MODULES = YES;
				CLANG_ENABLE_OBJC_ARC = YES;
				CLANG_ENABLE_OBJC_WEAK = YES;
				CLANG_WARN_BLOCK_CAPTURE_AUTORELEASING = YES;
				CLANG_WARN_BOOL_CONVERSION = YES;
				CLANG_WARN_COMMA = YES;
				CLANG_WARN_CONSTANT_CONVERSION = YES;
				CLANG_WARN_DEPRECATED_OBJC_IMPLEMENTATIONS = YES;
				CLANG_WARN_DIRECT_OBJC_ISA_USAGE = YES_ERROR;
				CLANG_WARN_DOCUMENTATION_COMMENTS = YES;
				CLANG_WARN_EMPTY_BODY = YES;
				CLANG_WARN_ENUM_CONVERSION = YES;
				CLANG_WARN_INFINITE_RECURSION = YES;
				CLANG_WARN_INT_CONVERSION = YES;
				CLANG_WARN_NON_LITERAL_NULL_CONVERSION = YES;
				CLANG_WARN_OBJC_IMPLICIT_RETAIN_SELF = YES;
				CLANG_WARN_OBJC_LITERAL_CONVERSION = YES;
				CLANG_WARN_OBJC_ROOT_CLASS = YES_ERROR;
				CLANG_WARN_RANGE_LOOP_ANALYSIS = YES;
				CLANG_WARN_STRICT_PROTOTYPES = YES;
				CLANG_WARN_SUSPICIOUS_MOVE = YES;
				CLANG_WARN_UNGUARDED_AVAILABILITY = YES_AGGRESSIVE;
				CLANG_WARN_UNREACHABLE_CODE = YES;
				CLANG_WARN__DUPLICATE_METHOD_MATCH = YES;
				CODE_SIGN_IDENTITY = "-";
				COPY_PHASE_STRIP = NO;
				DEBUG_INFORMATION_FORMAT = "dwarf-with-dsym";
				ENABLE_NS_ASSERTIONS = NO;
				ENABLE_STRICT_OBJC_MSGSEND = YES;
				GCC_C_LANGUAGE_STANDARD = gnu11;
				GCC_NO_COMMON_BLOCKS = YES;
				GCC_WARN_64_TO_32_BIT_CONVERSION = YES;
				GCC_WARN_ABOUT_RETURN_TYPE = YES_ERROR;
				GCC_WARN_UNDECLARED_SELECTOR = YES;
				GCC_WARN_UNINITIALIZED_AUTOS = YES_AGGRESSIVE;
				GCC_WARN_UNUSED_FUNCTION = YES;
				GCC_WARN_UNUSED_VARIABLE = YES;
				MACOSX_DEPLOYMENT_TARGET = 10.14;
				MTL_ENABLE_DEBUG_INFO = NO;
				MTL_FAST_MATH = YES;
				SDKROOT = macosx;
				SWIFT_COMPILATION_MODE = wholemodule;
				SWIFT_OPTIMIZATION_LEVEL = "-O";
			};
			name = Release;
		};
		83F27B58231CDA5F006ADDC9 /* Debug */ = {
			isa = XCBuildConfiguration;
			buildSettings = {
				CODE_SIGN_IDENTITY = "-";
				CODE_SIGN_STYLE = Automatic;
				PRODUCT_NAME = "$(TARGET_NAME)";
				SWIFT_VERSION = 5.0;
			};
			name = Debug;
		};
		83F27B59231CDA5F006ADDC9 /* Release */ = {
			isa = XCBuildConfiguration;
			buildSettings = {
				CODE_SIGN_IDENTITY = "-";
				CODE_SIGN_STYLE = Automatic;
				PRODUCT_NAME = "$(TARGET_NAME)";
				SWIFT_VERSION = 5.0;
			};
			name = Release;
		};
/* End XCBuildConfiguration section */

/* Begin XCConfigurationList section */
		83F27B4B231CDA5F006ADDC9 /* Build configuration list for PBXProject "Flare" */ = {
			isa = XCConfigurationList;
			buildConfigurations = (
				83F27B55231CDA5F006ADDC9 /* Debug */,
				83F27B56231CDA5F006ADDC9 /* Release */,
			);
			defaultConfigurationIsVisible = 0;
			defaultConfigurationName = Release;
		};
		83F27B57231CDA5F006ADDC9 /* Build configuration list for PBXNativeTarget "Flare" */ = {
			isa = XCConfigurationList;
			buildConfigurations = (
				83F27B58231CDA5F006ADDC9 /* Debug */,
				83F27B59231CDA5F006ADDC9 /* Release */,
			);
			defaultConfigurationIsVisible = 0;
			defaultConfigurationName = Release;
		};
/* End XCConfigurationList section */

/* Begin XCRemoteSwiftPackageReference section */
		83C75B12233B91E8008A3495 /* XCRemoteSwiftPackageReference "clibuv" */ = {
			isa = XCRemoteSwiftPackageReference;
			repositoryURL = "https://github.com/chrishulbert/clibuv";
			requirement = {
				branch = master;
				kind = branch;
			};
		};
/* End XCRemoteSwiftPackageReference section */

/* Begin XCSwiftPackageProductDependency section */
		838810E0233CB65700C90D11 /* CLibUV */ = {
			isa = XCSwiftPackageProductDependency;
			package = 83C75B12233B91E8008A3495 /* XCRemoteSwiftPackageReference "clibuv" */;
			productName = CLibUV;
		};
/* End XCSwiftPackageProductDependency section */
	};
	rootObject = 83F27B48231CDA5F006ADDC9 /* Project object */;
}
